{
  "pins" : [
    {
      "identity" : "skip",
      "kind" : "remoteSourceControl",
      "location" : "https://source.skip.tools/skip.git",
      "state" : {
        "revision" : "16da26f72ca78f793f795df7a9be73fdc707f0e1",
        "version" : "1.6.17"
      }
    },
    {
      "identity" : "skip-foundation",
      "kind" : "remoteSourceControl",
      "location" : "https://source.skip.tools/skip-foundation.git",
      "state" : {
        "revision" : "c4da12cfedbea286f2fac004157f9aef44d7a722",
        "version" : "1.3.9"
      }
    },
    {
      "identity" : "skip-lib",
      "kind" : "remoteSourceControl",
      "location" : "https://source.skip.tools/skip-lib.git",
      "state" : {
        "revision" : "30c97059e731f1b42a5ea1ead50b9e03fef3a7a4",
        "version" : "1.3.7"
      }
    },
    {
      "identity" : "skip-model",
      "kind" : "remoteSourceControl",
      "location" : "https://source.skip.tools/skip-model.git",
      "state" : {
        "revision" : "4e70ab47cad35fd175dc38adf846fa5f0f75e86b",
        "version" : "1.6.0"
      }
    },
    {
      "identity" : "skip-unit",
      "kind" : "remoteSourceControl",
      "location" : "https://source.skip.tools/skip-unit.git",
      "state" : {
        "revision" : "27cb30ff1415102e7b4cce7c8889740ee972e367",
        "version" : "1.3.7"
      }
    }
  ],
  "version" : 2
}
